
Microsoft Visual Studio Solution File, Format Version 12.00
# Visual Studio Version 17
VisualStudioVersion = 17.4.33213.308
MinimumVisualStudioVersion = 10.0.40219.1
Project("{FAE04EC0-301F-11D3-BF4B-00C04F79EFBC}") = "Employee_project", "Employee_project.csproj", "{6443FE9B-FF96-456D-A665-910E40529E2F}"
EndProject
Global
	GlobalSection(SolutionConfigurationPlatforms) = preSolution
		Debug|Any CPU = Debug|Any CPU
		Release|Any CPU = Release|Any CPU
	EndGlobalSection
	GlobalSection(ProjectConfigurationPlatforms) = postSolution
		{6443FE9B-FF96-456D-A665-910E40529E2F}.Debug|Any CPU.ActiveCfg = Debug|Any CPU
		{6443FE9B-FF96-456D-A665-910E40529E2F}.Debug|Any CPU.Build.0 = Debug|Any CPU
		{6443FE9B-FF96-456D-A665-910E40529E2F}.Release|Any CPU.ActiveCfg = Release|Any CPU
		{6443FE9B-FF96-456D-A665-910E40529E2F}.Release|Any CPU.Build.0 = Release|Any CPU
	EndGlobalSection
	GlobalSection(SolutionProperties) = preSolution
		HideSolutionNode = FALSE
	EndGlobalSection
	GlobalSection(ExtensibilityGlobals) = postSolution
		SolutionGuid = {681D0707-4849-4EFF-9856-0D02F8262FA2}
	EndGlobalSection
EndGlobal
